<?xml version="1.0" encoding="utf-8"?>
<Project ToolsVersion="4.0" xmlns="http://schemas.microsoft.com/developer/msbuild/2003">
  <ItemGroup>
    <Filter Include="Tests">
      <UniqueIdentifier>{9db66cd7-5975-43cc-b98d-531a9138caa4}</UniqueIdentifier>
    </Filter>
    <Filter Include="Common %28shared%29">
      <UniqueIdentifier>{fd7e9de1-b34f-4b96-b5a0-43c630e384fd}</UniqueIdentifier>
    </Filter>
  </ItemGroup>
  <ItemGroup>
    <ClCompile Include="..\..\..\..\unit\testmodule_tools\QVector3_Test.cpp">
      <Filter>Tests</Filter>
    </ClCompile>
    <ClCompile Include="..\..\..\..\unit\testmodule_tools\TestModule_Tools.cpp">
      <Filter>Tests</Filter>
    </ClCompile>
    <ClCompile Include="..\..\..\..\unit\common\QCommonTestConfig.cpp">
      <Filter>Common %28shared%29</Filter>
    </ClCompile>
    <ClCompile Include="..\..\..\..\unit\common\QSimpleConfigLoader.cpp">
      <Filter>Common %28shared%29</Filter>
    </ClCompile>
  </ItemGroup>
  <ItemGroup>
    <ClInclude Include="..\..\..\..\unit\common\QuimeraEngineFixtures.h">
      <Filter>Common %28shared%29</Filter>
    </ClInclude>
    <ClInclude Include="..\..\..\..\unit\common\QCommonTestConfig.h">
      <Filter>Common %28shared%29</Filter>
    </ClInclude>
    <ClInclude Include="..\..\..\..\unit\common\QSimpleConfigLoader.h">
      <Filter>Common %28shared%29</Filter>
    </ClInclude>
    <ClInclude Include="..\..\..\..\unit\common\CommonConfigDefinitions.h">
      <Filter>Common %28shared%29</Filter>
    </ClInclude>
  </ItemGroup>
</Project>