<?xml version="1.0" encoding="utf-8"?>
<Project ToolsVersion="4.0" xmlns="http://schemas.microsoft.com/developer/msbuild/2003">
  <ItemGroup>
    <Filter Include="Core">
      <UniqueIdentifier>{7f6352d6-11ce-46b4-b8fb-71a54617e3ef}</UniqueIdentifier>
    </Filter>
  </ItemGroup>
  <ItemGroup>
    <ClInclude Include="..\..\..\..\headers\QObject.h">
      <Filter>Core</Filter>
    </ClInclude>
    <ClInclude Include="..\..\..\..\headers\SystemDefinitions.h" />
    <ClInclude Include="..\..\..\..\headers\RTTIDefinitions.h">
      <Filter>Core</Filter>
    </ClInclude>
  </ItemGroup>
  <ItemGroup>
    <ClCompile Include="..\..\..\..\source\QObject.cpp">
      <Filter>Core</Filter>
    </ClCompile>
  </ItemGroup>
</Project>