<?xml version="1.0" encoding="utf-8"?>
<Project ToolsVersion="4.0" xmlns="http://schemas.microsoft.com/developer/msbuild/2003">
  <ItemGroup>
    <Filter Include="Tests">
      <UniqueIdentifier>{9db66cd7-5975-43cc-b98d-531a9138caa4}</UniqueIdentifier>
    </Filter>
    <Filter Include="TestSystem %28shared%29">
      <UniqueIdentifier>{fd7e9de1-b34f-4b96-b5a0-43c630e384fd}</UniqueIdentifier>
    </Filter>
    <Filter Include="Tests\Math">
      <UniqueIdentifier>{c3aa2ece-6001-499f-9db7-bc124b1e8328}</UniqueIdentifier>
    </Filter>
    <Filter Include="Tests\Time">
      <UniqueIdentifier>{d117c55a-2de6-49f4-9bc9-0ebf930a49f7}</UniqueIdentifier>
    </Filter>
    <Filter Include="Tests\Containers">
      <UniqueIdentifier>{b9c8227d-e3b9-4435-9e48-6e79d4dd9f4f}</UniqueIdentifier>
    </Filter>
  </ItemGroup>
  <ItemGroup>
    <ClCompile Include="..\..\..\..\testsystem\EQTestType.cpp">
      <Filter>TestSystem %28shared%29</Filter>
    </ClCompile>
    <ClCompile Include="..\..\..\..\testsystem\QCommonTestConfig.cpp">
      <Filter>TestSystem %28shared%29</Filter>
    </ClCompile>
    <ClCompile Include="..\..\..\..\testsystem\QSimpleConfigLoader.cpp">
      <Filter>TestSystem %28shared%29</Filter>
    </ClCompile>
    <ClCompile Include="..\..\..\..\tests\unit\testmodule_tools\TestModule_Tools.cpp">
      <Filter>Tests</Filter>
    </ClCompile>
    <ClCompile Include="..\..\..\..\tests\unit\testmodule_tools\QQuaternion_Test.cpp">
      <Filter>Tests\Math</Filter>
    </ClCompile>
    <ClCompile Include="..\..\..\..\tests\unit\testmodule_tools\QBaseDualQuaternion_Test.cpp">
      <Filter>Tests\Math</Filter>
    </ClCompile>
    <ClCompile Include="..\..\..\..\tests\unit\testmodule_tools\QBaseMatrix2x2_Test.cpp">
      <Filter>Tests\Math</Filter>
    </ClCompile>
    <ClCompile Include="..\..\..\..\tests\unit\testmodule_tools\QBaseMatrix3x3_Test.cpp">
      <Filter>Tests\Math</Filter>
    </ClCompile>
    <ClCompile Include="..\..\..\..\tests\unit\testmodule_tools\QBaseMatrix3x4_Test.cpp">
      <Filter>Tests\Math</Filter>
    </ClCompile>
    <ClCompile Include="..\..\..\..\tests\unit\testmodule_tools\QBaseMatrix4x3_Test.cpp">
      <Filter>Tests\Math</Filter>
    </ClCompile>
    <ClCompile Include="..\..\..\..\tests\unit\testmodule_tools\QBaseMatrix4x4_Test.cpp">
      <Filter>Tests\Math</Filter>
    </ClCompile>
    <ClCompile Include="..\..\..\..\tests\unit\testmodule_tools\QVector4_Test.cpp">
      <Filter>Tests\Math</Filter>
    </ClCompile>
    <ClCompile Include="..\..\..\..\tests\unit\testmodule_tools\QBaseVector3_Test.cpp">
      <Filter>Tests\Math</Filter>
    </ClCompile>
    <ClCompile Include="..\..\..\..\tests\unit\testmodule_tools\QVector3_Test.cpp">
      <Filter>Tests\Math</Filter>
    </ClCompile>
    <ClCompile Include="..\..\..\..\tests\unit\testmodule_tools\QMatrix4x4_Test.cpp">
      <Filter>Tests\Math</Filter>
    </ClCompile>
    <ClCompile Include="..\..\..\..\tests\unit\testmodule_tools\QMatrix2x2_Test.cpp">
      <Filter>Tests\Math</Filter>
    </ClCompile>
    <ClCompile Include="..\..\..\..\tests\unit\testmodule_tools\QMatrix4x3_Test.cpp">
      <Filter>Tests\Math</Filter>
    </ClCompile>
    <ClCompile Include="..\..\..\..\tests\unit\testmodule_tools\QMatrix3x4_Test.cpp">
      <Filter>Tests\Math</Filter>
    </ClCompile>
    <ClCompile Include="..\..\..\..\tests\unit\testmodule_tools\QMatrix3x3_Test.cpp">
      <Filter>Tests\Math</Filter>
    </ClCompile>
    <ClCompile Include="..\..\..\..\tests\unit\testmodule_tools\SQAngle_Test.cpp">
      <Filter>Tests\Math</Filter>
    </ClCompile>
    <ClCompile Include="..\..\..\..\tests\unit\testmodule_tools\QTransformationMatrix3x3_Test.cpp">
      <Filter>Tests\Math</Filter>
    </ClCompile>
    <ClCompile Include="..\..\..\..\tests\unit\testmodule_tools\QRotationMatrix3x3_Test.cpp">
      <Filter>Tests\Math</Filter>
    </ClCompile>
    <ClCompile Include="..\..\..\..\tests\unit\testmodule_tools\QBaseVector2_Test.cpp">
      <Filter>Tests\Math</Filter>
    </ClCompile>
    <ClCompile Include="..\..\..\..\tests\unit\testmodule_tools\QBaseVector4_Test.cpp">
      <Filter>Tests\Math</Filter>
    </ClCompile>
    <ClCompile Include="..\..\..\..\tests\unit\testmodule_tools\QVector2_Test.cpp">
      <Filter>Tests\Math</Filter>
    </ClCompile>
    <ClCompile Include="..\..\..\..\tests\unit\testmodule_tools\QScalingMatrix3x3_Test.cpp">
      <Filter>Tests\Math</Filter>
    </ClCompile>
    <ClCompile Include="..\..\..\..\tests\unit\testmodule_tools\QSpaceConversionMatrix_Test.cpp">
      <Filter>Tests\Math</Filter>
    </ClCompile>
    <ClCompile Include="..\..\..\..\tests\unit\testmodule_tools\QDualQuaternion_Test.cpp">
      <Filter>Tests\Math</Filter>
    </ClCompile>
    <ClCompile Include="..\..\..\..\tests\unit\testmodule_tools\QTransformationMatrix_Test.cpp">
      <Filter>Tests\Math</Filter>
    </ClCompile>
    <ClCompile Include="..\..\..\..\tests\unit\testmodule_tools\QTranslationMatrix_Test.cpp">
      <Filter>Tests\Math</Filter>
    </ClCompile>
    <ClCompile Include="..\..\..\..\tests\unit\testmodule_tools\SQPoint_Test.cpp">
      <Filter>Tests\Math</Filter>
    </ClCompile>
    <ClCompile Include="..\..\..\..\tests\unit\testmodule_tools\QBasePlane_Test.cpp">
      <Filter>Tests\Math</Filter>
    </ClCompile>
    <ClCompile Include="..\..\..\..\tests\unit\testmodule_tools\QBaseRay_Test.cpp">
      <Filter>Tests\Math</Filter>
    </ClCompile>
    <ClCompile Include="..\..\..\..\tests\unit\testmodule_tools\QBaseRay_QVector4_Test.cpp">
      <Filter>Tests\Math</Filter>
    </ClCompile>
    <ClCompile Include="..\..\..\..\tests\unit\testmodule_tools\QBaseTriangle_Test.cpp">
      <Filter>Tests\Math</Filter>
    </ClCompile>
    <ClCompile Include="..\..\..\..\tests\unit\testmodule_tools\QBaseLineSegment_Test.cpp">
      <Filter>Tests\Math</Filter>
    </ClCompile>
    <ClCompile Include="..\..\..\..\tests\unit\testmodule_tools\QBaseHexahedron_Test.cpp">
      <Filter>Tests\Math</Filter>
    </ClCompile>
    <ClCompile Include="..\..\..\..\tests\unit\testmodule_tools\QBaseOrb_Test.cpp">
      <Filter>Tests\Math</Filter>
    </ClCompile>
    <ClCompile Include="..\..\..\..\tests\unit\testmodule_tools\QLineSegment_Test.cpp">
      <Filter>Tests\Math</Filter>
    </ClCompile>
    <ClCompile Include="..\..\..\..\tests\unit\testmodule_tools\QTriangle_Test.cpp">
      <Filter>Tests\Math</Filter>
    </ClCompile>
    <ClCompile Include="..\..\..\..\tests\unit\testmodule_tools\QOrb_Test.cpp">
      <Filter>Tests\Math</Filter>
    </ClCompile>
    <ClCompile Include="..\..\..\..\tests\unit\testmodule_tools\QRay_Test.cpp">
      <Filter>Tests\Math</Filter>
    </ClCompile>
    <ClCompile Include="..\..\..\..\tests\unit\testmodule_tools\QRay_QVector4_Test.cpp">
      <Filter>Tests\Math</Filter>
    </ClCompile>
    <ClCompile Include="..\..\..\..\tests\unit\testmodule_tools\QBaseQuaternion_Test.cpp">
      <Filter>Tests\Math</Filter>
    </ClCompile>
    <ClCompile Include="..\..\..\..\tests\unit\testmodule_tools\QBaseQuadrilateral_Test.cpp">
      <Filter>Tests\Math</Filter>
    </ClCompile>
    <ClCompile Include="..\..\..\..\tests\unit\testmodule_tools\QCircle_Test.cpp">
      <Filter>Tests\Math</Filter>
    </ClCompile>
    <ClCompile Include="..\..\..\..\tests\unit\testmodule_tools\QPlane_Test.cpp">
      <Filter>Tests\Math</Filter>
    </ClCompile>
    <ClCompile Include="..\..\..\..\tests\unit\testmodule_tools\QRay3D_Test.cpp">
      <Filter>Tests\Math</Filter>
    </ClCompile>
    <ClCompile Include="..\..\..\..\tests\unit\testmodule_tools\QTriangle2D_Test.cpp">
      <Filter>Tests\Math</Filter>
    </ClCompile>
    <ClCompile Include="..\..\..\..\tests\unit\testmodule_tools\QRay2D_Test.cpp">
      <Filter>Tests\Math</Filter>
    </ClCompile>
    <ClCompile Include="..\..\..\..\tests\unit\testmodule_tools\QTriangle3D_Test.cpp">
      <Filter>Tests\Math</Filter>
    </ClCompile>
    <ClCompile Include="..\..\..\..\tests\unit\testmodule_tools\QLineSegment2D_Test.cpp">
      <Filter>Tests\Math</Filter>
    </ClCompile>
    <ClCompile Include="..\..\..\..\tests\unit\testmodule_tools\QHexahedron_Test.cpp">
      <Filter>Tests\Math</Filter>
    </ClCompile>
    <ClCompile Include="..\..\..\..\tests\unit\testmodule_tools\QQuadrilateral_Test.cpp">
      <Filter>Tests\Math</Filter>
    </ClCompile>
    <ClCompile Include="..\..\..\..\tests\unit\testmodule_tools\QLineSegment3D_Test.cpp">
      <Filter>Tests\Math</Filter>
    </ClCompile>
    <ClCompile Include="..\..\..\..\tests\unit\testmodule_tools\QSphere_Test.cpp">
      <Filter>Tests\Math</Filter>
    </ClCompile>
    <ClCompile Include="..\..\..\..\tests\unit\testmodule_tools\QTimeSpan_Test.cpp">
      <Filter>Tests\Time</Filter>
    </ClCompile>
    <ClCompile Include="..\..\..\..\tests\unit\testmodule_tools\QComparatorDefault_Test.cpp">
      <Filter>Tests\Containers</Filter>
    </ClCompile>
    <ClCompile Include="..\..\..\..\tests\unit\testmodule_tools\QDateTime_Test.cpp">
      <Filter>Tests\Time</Filter>
    </ClCompile>
  </ItemGroup>
  <ItemGroup>
    <ClInclude Include="..\..\..\..\testsystem\CommonConfigDefinitions.h">
      <Filter>TestSystem %28shared%29</Filter>
    </ClInclude>
    <ClInclude Include="..\..\..\..\testsystem\EQTestType.h">
      <Filter>TestSystem %28shared%29</Filter>
    </ClInclude>
    <ClInclude Include="..\..\..\..\testsystem\QCommonTestConfig.h">
      <Filter>TestSystem %28shared%29</Filter>
    </ClInclude>
    <ClInclude Include="..\..\..\..\testsystem\QPerformanceTestModuleBase.h">
      <Filter>TestSystem %28shared%29</Filter>
    </ClInclude>
    <ClInclude Include="..\..\..\..\testsystem\QSimpleConfigLoader.h">
      <Filter>TestSystem %28shared%29</Filter>
    </ClInclude>
    <ClInclude Include="..\..\..\..\testsystem\QuimeraEngineFixtures.h">
      <Filter>TestSystem %28shared%29</Filter>
    </ClInclude>
    <ClInclude Include="..\..\..\..\testsystem\QUnitTestModuleBase.h">
      <Filter>TestSystem %28shared%29</Filter>
    </ClInclude>
    <ClInclude Include="..\..\..\..\testsystem\TestingExternalDefinitions.h">
      <Filter>TestSystem %28shared%29</Filter>
    </ClInclude>
    <ClInclude Include="..\..\..\..\testsystem\TestingHelperDefinitions.h">
      <Filter>TestSystem %28shared%29</Filter>
    </ClInclude>
    <ClInclude Include="..\..\..\..\tests\unit\testmodule_tools\QVector3Whitebox.h">
      <Filter>Tests\Math</Filter>
    </ClInclude>
    <ClInclude Include="..\..\..\..\tests\unit\testmodule_tools\QLineSegmentWhiteBox.h">
      <Filter>Tests\Math</Filter>
    </ClInclude>
    <ClInclude Include="..\..\..\..\tests\unit\testmodule_tools\QTransformationMatrixWhiteBox.h">
      <Filter>Tests\Math</Filter>
    </ClInclude>
  </ItemGroup>
  <ItemGroup>
    <None Include="..\..\..\..\testsystem\UnitTestTemplate.txt">
      <Filter>TestSystem %28shared%29</Filter>
    </None>
  </ItemGroup>
</Project>