
Microsoft Visual Studio Solution File, Format Version 11.00
# Visual C++ Express 2010
Project("{8BC9CEB8-8B4A-11D0-8D11-00A0C91BC942}") = "Tools", "Tools\Tools.vcxproj", "{40B8A776-0BED-40E6-B2F2-5CE7386733D8}"
EndProject
Project("{8BC9CEB8-8B4A-11D0-8D11-00A0C91BC942}") = "Common", "Common\Common.vcxproj", "{186DC61B-8070-4227-9F30-25C36982512F}"
EndProject
Global
	GlobalSection(SolutionConfigurationPlatforms) = preSolution
		DebugWin32SharedrtDynamic|Win32 = DebugWin32SharedrtDynamic|Win32
		DebugWin32SharedrtStatic|Win32 = DebugWin32SharedrtStatic|Win32
	EndGlobalSection
	GlobalSection(ProjectConfigurationPlatforms) = postSolution
		{40B8A776-0BED-40E6-B2F2-5CE7386733D8}.DebugWin32SharedrtDynamic|Win32.ActiveCfg = DebugWin32SharedrtDynamic|Win32
		{40B8A776-0BED-40E6-B2F2-5CE7386733D8}.DebugWin32SharedrtDynamic|Win32.Build.0 = DebugWin32SharedrtDynamic|Win32
		{40B8A776-0BED-40E6-B2F2-5CE7386733D8}.DebugWin32SharedrtStatic|Win32.ActiveCfg = DebugWin32SharedrtStatic|Win32
		{40B8A776-0BED-40E6-B2F2-5CE7386733D8}.DebugWin32SharedrtStatic|Win32.Build.0 = DebugWin32SharedrtStatic|Win32
		{186DC61B-8070-4227-9F30-25C36982512F}.DebugWin32SharedrtDynamic|Win32.ActiveCfg = DebugWin32SharedrtDynamic|Win32
		{186DC61B-8070-4227-9F30-25C36982512F}.DebugWin32SharedrtDynamic|Win32.Build.0 = DebugWin32SharedrtDynamic|Win32
		{186DC61B-8070-4227-9F30-25C36982512F}.DebugWin32SharedrtStatic|Win32.ActiveCfg = DebugWin32SharedrtStatic|Win32
		{186DC61B-8070-4227-9F30-25C36982512F}.DebugWin32SharedrtStatic|Win32.Build.0 = DebugWin32SharedrtStatic|Win32
	EndGlobalSection
	GlobalSection(SolutionProperties) = preSolution
		HideSolutionNode = FALSE
	EndGlobalSection
EndGlobal
