<?xml version="1.0" encoding="utf-8"?>
<Project ToolsVersion="4.0" xmlns="http://schemas.microsoft.com/developer/msbuild/2003">
  <ItemGroup>
    <Filter Include="Infrastructure">
      <UniqueIdentifier>{93995380-89BD-4b04-88EB-625FBE52EBFB}</UniqueIdentifier>
      <Extensions>h;hpp;hxx;hm;inl;inc;xsd</Extensions>
    </Filter>
    <Filter Include="Testing">
      <UniqueIdentifier>{67DA6AB6-F800-4c08-8B7A-83BB121AAD01}</UniqueIdentifier>
      <Extensions>rc;ico;cur;bmp;dlg;rc2;rct;bin;rgs;gif;jpg;jpeg;jpe;resx;tiff;tif;png;wav;mfcribbon-ms</Extensions>
    </Filter>
  </ItemGroup>
  <ItemGroup>
    <ClCompile Include="WindowsStuff.cpp">
      <Filter>Infrastructure</Filter>
    </ClCompile>
    <ClCompile Include="camera.cpp">
      <Filter>Infrastructure</Filter>
    </ClCompile>
  </ItemGroup>
  <ItemGroup>
    <ClInclude Include="camera.h">
      <Filter>Infrastructure</Filter>
    </ClInclude>
    <ClInclude Include="Controls.h">
      <Filter>Infrastructure</Filter>
    </ClInclude>
    <ClInclude Include="DX9Stuff.h">
      <Filter>Infrastructure</Filter>
    </ClInclude>
    <ClInclude Include="TestHere.h">
      <Filter>Testing</Filter>
    </ClInclude>
    <ClInclude Include="TestConfiguration.h">
      <Filter>Testing</Filter>
    </ClInclude>
  </ItemGroup>
</Project>