
Microsoft Visual Studio Solution File, Format Version 11.00
# Visual C++ Express 2010
Project("{8BC9CEB8-8B4A-11D0-8D11-00A0C91BC942}") = "MultithreadingEncapsulation", "MultithreadingEncapsulation\MultithreadingEncapsulation.vcxproj", "{DBD3A6AE-A95F-455E-80A8-93488DAA4482}"
EndProject
Project("{8BC9CEB8-8B4A-11D0-8D11-00A0C91BC942}") = "MultithreadingMethod", "MultithreadingMethod\MultithreadingMethod.vcxproj", "{A368FCBB-05C8-4A7B-8833-44E62AE3BB60}"
EndProject
Project("{8BC9CEB8-8B4A-11D0-8D11-00A0C91BC942}") = "MultithreadingSynchronization", "MultithreadingSynchronization\MultithreadingSynchronization.vcxproj", "{D10A96E7-5C1F-4C0E-B554-B8DF9F0EA763}"
EndProject
Global
	GlobalSection(SolutionConfigurationPlatforms) = preSolution
		Debug|Win32 = Debug|Win32
		Release|Win32 = Release|Win32
	EndGlobalSection
	GlobalSection(ProjectConfigurationPlatforms) = postSolution
		{DBD3A6AE-A95F-455E-80A8-93488DAA4482}.Debug|Win32.ActiveCfg = Debug|Win32
		{DBD3A6AE-A95F-455E-80A8-93488DAA4482}.Debug|Win32.Build.0 = Debug|Win32
		{DBD3A6AE-A95F-455E-80A8-93488DAA4482}.Release|Win32.ActiveCfg = Release|Win32
		{DBD3A6AE-A95F-455E-80A8-93488DAA4482}.Release|Win32.Build.0 = Release|Win32
		{A368FCBB-05C8-4A7B-8833-44E62AE3BB60}.Debug|Win32.ActiveCfg = Debug|Win32
		{A368FCBB-05C8-4A7B-8833-44E62AE3BB60}.Debug|Win32.Build.0 = Debug|Win32
		{A368FCBB-05C8-4A7B-8833-44E62AE3BB60}.Release|Win32.ActiveCfg = Release|Win32
		{A368FCBB-05C8-4A7B-8833-44E62AE3BB60}.Release|Win32.Build.0 = Release|Win32
		{D10A96E7-5C1F-4C0E-B554-B8DF9F0EA763}.Debug|Win32.ActiveCfg = Debug|Win32
		{D10A96E7-5C1F-4C0E-B554-B8DF9F0EA763}.Debug|Win32.Build.0 = Debug|Win32
		{D10A96E7-5C1F-4C0E-B554-B8DF9F0EA763}.Release|Win32.ActiveCfg = Release|Win32
		{D10A96E7-5C1F-4C0E-B554-B8DF9F0EA763}.Release|Win32.Build.0 = Release|Win32
	EndGlobalSection
	GlobalSection(SolutionProperties) = preSolution
		HideSolutionNode = FALSE
	EndGlobalSection
EndGlobal
