<?xml version="1.0" encoding="utf-8"?>
<Project ToolsVersion="4.0" xmlns="http://schemas.microsoft.com/developer/msbuild/2003">
  <ItemGroup>
    <Filter Include="Math">
      <UniqueIdentifier>{93995380-89BD-4b04-88EB-625FBE52EBFB}</UniqueIdentifier>
      <Extensions>h;hpp;hxx;hm;inl;inc;xsd</Extensions>
    </Filter>
  </ItemGroup>
  <ItemGroup>
    <ClInclude Include="..\..\..\..\headers\QBaseVector3.h">
      <Filter>Math</Filter>
    </ClInclude>
    <ClInclude Include="..\..\..\..\headers\QBaseQuaternion.h">
      <Filter>Math</Filter>
    </ClInclude>
    <ClInclude Include="..\..\..\..\headers\QBaseMatrix2x2.h">
      <Filter>Math</Filter>
    </ClInclude>
    <ClInclude Include="..\..\..\..\headers\QQuaternion.h">
      <Filter>Math</Filter>
    </ClInclude>
    <ClInclude Include="..\..\..\..\headers\QBasePlane.h">
      <Filter>Math</Filter>
    </ClInclude>
    <ClInclude Include="..\..\..\..\headers\MathDefinitions.h">
      <Filter>Math</Filter>
    </ClInclude>
    <ClInclude Include="..\..\..\..\headers\QBaseMatrix4x4.h">
      <Filter>Math</Filter>
    </ClInclude>
    <ClInclude Include="..\..\..\..\headers\QBaseMatrix4x3.h">
      <Filter>Math</Filter>
    </ClInclude>
    <ClInclude Include="..\..\..\..\headers\QMatrix4x4.h">
      <Filter>Math</Filter>
    </ClInclude>
    <ClInclude Include="..\..\..\..\headers\QBaseVector2.h">
      <Filter>Math</Filter>
    </ClInclude>
    <ClInclude Include="..\..\..\..\headers\QBaseVector4.h">
      <Filter>Math</Filter>
    </ClInclude>
    <ClInclude Include="..\..\..\..\headers\QBaseTriangle.h">
      <Filter>Math</Filter>
    </ClInclude>
    <ClInclude Include="..\..\..\..\headers\QBaseDualQuaternion.h">
      <Filter>Math</Filter>
    </ClInclude>
    <ClInclude Include="..\..\..\..\headers\QBaseMatrix3x3.h">
      <Filter>Math</Filter>
    </ClInclude>
    <ClInclude Include="..\..\..\..\headers\QMatrix3x3.h">
      <Filter>Math</Filter>
    </ClInclude>
    <ClInclude Include="..\..\..\..\headers\QPlane.h">
      <Filter>Math</Filter>
    </ClInclude>
    <ClInclude Include="..\..\..\..\headers\QBaseRay.h">
      <Filter>Math</Filter>
    </ClInclude>
    <ClInclude Include="..\..\..\..\headers\QBaseLineSegment.h">
      <Filter>Math</Filter>
    </ClInclude>
    <ClInclude Include="..\..\..\..\headers\QVector3.h">
      <Filter>Math</Filter>
    </ClInclude>
    <ClInclude Include="..\..\..\..\headers\QVector4.h">
      <Filter>Math</Filter>
    </ClInclude>
    <ClInclude Include="..\..\..\..\headers\QDualQuaternion.h">
      <Filter>Math</Filter>
    </ClInclude>
    <ClInclude Include="..\..\..\..\headers\QMatrix2x2.h">
      <Filter>Math</Filter>
    </ClInclude>
    <ClInclude Include="..\..\..\..\headers\QRotationMatrix3x3.h">
      <Filter>Math</Filter>
    </ClInclude>
    <ClInclude Include="..\..\..\..\headers\QVector2.h">
      <Filter>Math</Filter>
    </ClInclude>
    <ClInclude Include="..\..\..\..\headers\QTranslationMatrix.h">
      <Filter>Math</Filter>
    </ClInclude>
    <ClInclude Include="..\..\..\..\headers\QTransformationMatrix.h">
      <Filter>Math</Filter>
    </ClInclude>
    <ClInclude Include="..\..\..\..\headers\QSpaceConversionMatrix.h">
      <Filter>Math</Filter>
    </ClInclude>
    <ClInclude Include="..\..\..\..\headers\QBaseHexahedron.h">
      <Filter>Math</Filter>
    </ClInclude>
    <ClInclude Include="..\..\..\..\headers\QMatrix4x3.h">
      <Filter>Math</Filter>
    </ClInclude>
    <ClInclude Include="..\..\..\..\headers\QBaseOrb.h">
      <Filter>Math</Filter>
    </ClInclude>
    <ClInclude Include="..\..\..\..\headers\QBaseMatrix3x4.h">
      <Filter>Math</Filter>
    </ClInclude>
    <ClInclude Include="..\..\..\..\headers\QBaseQuadrilateral.h">
      <Filter>Math</Filter>
    </ClInclude>
    <ClInclude Include="..\..\..\..\headers\QMatrix3x4.h">
      <Filter>Math</Filter>
    </ClInclude>
    <ClInclude Include="..\..\..\..\headers\QTransformationMatrix3x3.h">
      <Filter>Math</Filter>
    </ClInclude>
    <ClInclude Include="..\..\..\..\headers\QLineSegment.h">
      <Filter>Math</Filter>
    </ClInclude>
    <ClInclude Include="..\..\..\..\headers\EQSpaceRelation.h">
      <Filter>Math</Filter>
    </ClInclude>
    <ClInclude Include="..\..\..\..\headers\QLineSegment3D.h">
      <Filter>Math</Filter>
    </ClInclude>
    <ClInclude Include="..\..\..\..\headers\EQIntersections.h">
      <Filter>Math</Filter>
    </ClInclude>
    <ClInclude Include="..\..\..\..\headers\QLineSegment2D.h">
      <Filter>Math</Filter>
    </ClInclude>
    <ClInclude Include="..\..\..\..\headers\QRay.h">
      <Filter>Math</Filter>
    </ClInclude>
    <ClInclude Include="..\..\..\..\headers\QTriangle.h">
      <Filter>Math</Filter>
    </ClInclude>
    <ClInclude Include="..\..\..\..\headers\QOrb.h">
      <Filter>Math</Filter>
    </ClInclude>
    <ClInclude Include="..\..\..\..\headers\QTriangle2D.h">
      <Filter>Math</Filter>
    </ClInclude>
    <ClInclude Include="..\..\..\..\headers\QTriangle3D.h">
      <Filter>Math</Filter>
    </ClInclude>
    <ClInclude Include="..\..\..\..\headers\QQuadrilateral.h">
      <Filter>Math</Filter>
    </ClInclude>
    <ClInclude Include="..\..\..\..\headers\QRay2D.h">
      <Filter>Math</Filter>
    </ClInclude>
    <ClInclude Include="..\..\..\..\headers\QCircle.h">
      <Filter>Math</Filter>
    </ClInclude>
    <ClInclude Include="..\..\..\..\headers\QHexahedron.h">
      <Filter>Math</Filter>
    </ClInclude>
    <ClInclude Include="..\..\..\..\headers\QRay3D.h">
      <Filter>Math</Filter>
    </ClInclude>
    <ClInclude Include="..\..\..\..\headers\SQPoint.h">
      <Filter>Math</Filter>
    </ClInclude>
    <ClInclude Include="..\..\..\..\headers\SQAngle.h">
      <Filter>Math</Filter>
    </ClInclude>
    <ClInclude Include="..\..\..\..\headers\QSphere.h">
      <Filter>Math</Filter>
    </ClInclude>
    <ClInclude Include="..\..\..\..\headers\QScalingMatrix3x3.h">
      <Filter>Math</Filter>
    </ClInclude>
    <ClInclude Include="..\..\..\..\headers\ToolsExports.h" />
    <ClInclude Include="..\..\..\..\headers\ToolsDefinitions.h" />
  </ItemGroup>
  <ItemGroup>
    <ClCompile Include="..\..\..\..\source\SQAngle.cpp">
      <Filter>Math</Filter>
    </ClCompile>
    <ClCompile Include="..\..\..\..\source\EQIntersections.cpp">
      <Filter>Math</Filter>
    </ClCompile>
    <ClCompile Include="..\..\..\..\source\EQSpaceRelation.cpp">
      <Filter>Math</Filter>
    </ClCompile>
    <ClCompile Include="..\..\..\..\source\QDualQuaternion.cpp">
      <Filter>Math</Filter>
    </ClCompile>
    <ClCompile Include="..\..\..\..\source\QLineSegment2D.cpp">
      <Filter>Math</Filter>
    </ClCompile>
    <ClCompile Include="..\..\..\..\source\QMatrix2x2.cpp">
      <Filter>Math</Filter>
    </ClCompile>
    <ClCompile Include="..\..\..\..\source\QMatrix3x3.cpp">
      <Filter>Math</Filter>
    </ClCompile>
    <ClCompile Include="..\..\..\..\source\QMatrix3x4.cpp">
      <Filter>Math</Filter>
    </ClCompile>
    <ClCompile Include="..\..\..\..\source\QMatrix4x3.cpp">
      <Filter>Math</Filter>
    </ClCompile>
    <ClCompile Include="..\..\..\..\source\QMatrix4x4.cpp">
      <Filter>Math</Filter>
    </ClCompile>
    <ClCompile Include="..\..\..\..\source\QPlane.cpp">
      <Filter>Math</Filter>
    </ClCompile>
    <ClCompile Include="..\..\..\..\source\QQuadrilateral.cpp">
      <Filter>Math</Filter>
    </ClCompile>
    <ClCompile Include="..\..\..\..\source\QQuaternion.cpp">
      <Filter>Math</Filter>
    </ClCompile>
    <ClCompile Include="..\..\..\..\source\QRay2D.cpp">
      <Filter>Math</Filter>
    </ClCompile>
    <ClCompile Include="..\..\..\..\source\QRotationMatrix3x3.cpp">
      <Filter>Math</Filter>
    </ClCompile>
    <ClCompile Include="..\..\..\..\source\QSpaceConversionMatrix.cpp">
      <Filter>Math</Filter>
    </ClCompile>
    <ClCompile Include="..\..\..\..\source\QTransformationMatrix3x3.cpp">
      <Filter>Math</Filter>
    </ClCompile>
    <ClCompile Include="..\..\..\..\source\QVector2.cpp">
      <Filter>Math</Filter>
    </ClCompile>
    <ClCompile Include="..\..\..\..\source\QVector3.cpp">
      <Filter>Math</Filter>
    </ClCompile>
    <ClCompile Include="..\..\..\..\source\QVector4.cpp">
      <Filter>Math</Filter>
    </ClCompile>
    <ClCompile Include="..\..\..\..\source\QScalingMatrix3x3.cpp">
      <Filter>Math</Filter>
    </ClCompile>
    <ClCompile Include="..\..\..\..\source\QCircle.cpp">
      <Filter>Math</Filter>
    </ClCompile>
    <ClCompile Include="..\..\..\..\source\QTriangle2D.cpp">
      <Filter>Math</Filter>
    </ClCompile>
    <ClCompile Include="..\..\..\..\source\ToolsExports.cpp" />
    <ClCompile Include="..\..\..\..\source\QBaseMatrix3x3.cpp">
      <Filter>Math</Filter>
    </ClCompile>
    <ClCompile Include="..\..\..\..\source\QBaseMatrix3x4.cpp">
      <Filter>Math</Filter>
    </ClCompile>
    <ClCompile Include="..\..\..\..\source\QBaseMatrix4x3.cpp">
      <Filter>Math</Filter>
    </ClCompile>
    <ClCompile Include="..\..\..\..\source\QBaseMatrix4x4.cpp">
      <Filter>Math</Filter>
    </ClCompile>
    <ClCompile Include="..\..\..\..\source\QBaseDualQuaternion.cpp">
      <Filter>Math</Filter>
    </ClCompile>
    <ClCompile Include="..\..\..\..\source\QBaseMatrix2x2.cpp">
      <Filter>Math</Filter>
    </ClCompile>
    <ClCompile Include="..\..\..\..\source\QBasePlane.cpp">
      <Filter>Math</Filter>
    </ClCompile>
    <ClCompile Include="..\..\..\..\source\QBaseQuadrilateral.cpp">
      <Filter>Math</Filter>
    </ClCompile>
    <ClCompile Include="..\..\..\..\source\QBaseQuaternion.cpp">
      <Filter>Math</Filter>
    </ClCompile>
    <ClCompile Include="..\..\..\..\source\QBaseVector2.cpp">
      <Filter>Math</Filter>
    </ClCompile>
    <ClCompile Include="..\..\..\..\source\QBaseVector3.cpp">
      <Filter>Math</Filter>
    </ClCompile>
    <ClCompile Include="..\..\..\..\source\QBaseVector4.cpp">
      <Filter>Math</Filter>
    </ClCompile>
    <ClCompile Include="..\..\..\..\source\SQPoint.cpp">
      <Filter>Math</Filter>
    </ClCompile>
  </ItemGroup>
</Project>