<?xml version="1.0" encoding="UTF-8" standalone="yes" ?>
<CodeBlocks_project_file>
	<FileVersion major="1" minor="6" />
	<Project>
		<Option title="Tools" />
		<Option pch_mode="2" />
		<Option compiler="gcc" />
		<Option virtualFolders="Math\;DataTypes\;" />
		<Build>
			<Target title="DebugLinux32SharedrtStatic">
				<Option platforms="Unix;" />
				<Option output="..\..\..\..\bin\CodeBlocks10\DebugLinux32SharedrtStatic\QuimeraEngineTools.a" prefix_auto="0" extension_auto="0" />
				<Option working_dir="" />
				<Option object_output="..\..\..\..\garbage\CodeBlocks10\DebugLinux32SharedrtStatic" />
				<Option type="2" />
				<Option compiler="gcc" />
				<Option createDefFile="1" />
				<Compiler>
					<Add option="-g" />
					<Add option="-m32" />
					<Add option="-D_DEBUG" />
					<Add directory="..\..\..\..\3rdparty\Boost\include" />
				</Compiler>
				<Linker>
					<Add option="-m32" />
				</Linker>
			</Target>
			<Target title="DebugWin32SharedrtStatic">
				<Option platforms="Windows;" />
				<Option output="..\..\..\..\bin\CodeBlocks10\DebugWin32SharedrtStatic\QuimeraEngineTools.lib" prefix_auto="0" extension_auto="0" />
				<Option working_dir="" />
				<Option object_output="..\..\..\..\garbage\CodeBlocks10\DebugWin32SharedrtStatic" />
				<Option type="2" />
				<Option compiler="gcc" />
				<Option createDefFile="1" />
				<Compiler>
					<Add option="-g" />
					<Add option="-fpermissive" />
					<Add option="-D_DEBUG" />
				</Compiler>
			</Target>
			<Target title="DebugWin32SharedrtDynamic">
				<Option platforms="Windows;" />
				<Option output="..\..\..\..\bin\CodeBlocks10\DebugWin32SharedrtDynamic\QuimeraEngineTools.dll" prefix_auto="0" extension_auto="0" />
				<Option working_dir="..\..\..\..\bin\CodeBlocks10\DebugWin32SharedrtDynamic" />
				<Option object_output="..\..\..\..\garbage\CodeBlocks10\DebugWin32SharedrtDynamic" />
				<Option type="3" />
				<Option compiler="gcc" />
				<Option createDefFile="1" />
				<Option createStaticLib="1" />
				<Compiler>
					<Add option="-g" />
					<Add option="-fpermissive" />
					<Add option="-D_DEBUG" />
					<Add option="-DQE_PREPROCESSOR_COMPILER_SHAREDLIB" />
				</Compiler>
				<Linker>
					<Add library="libQuimeraEngineCore.dll.a" />
					<Add directory="..\..\..\..\bin\CodeBlocks10\DebugWin32SharedrtDynamic" />
				</Linker>
			</Target>
			<Target title="DebugLinux32SharedrtDynamic">
				<Option platforms="Unix;" />
				<Option output="..\..\..\..\bin\CodeBlocks10\DebugLinux32SharedrtDynamic\QuimeraEngineTools.so" prefix_auto="0" extension_auto="0" />
				<Option working_dir="..\..\..\..\bin\CodeBlocks10\DebugLinux32SharedrtDynamic" />
				<Option object_output="..\..\..\..\garbage\CodeBlocks10\DebugLinux32SharedrtDynamic" />
				<Option type="3" />
				<Option compiler="gcc" />
				<Option createDefFile="1" />
				<Compiler>
					<Add option="-g" />
					<Add option="-m32" />
					<Add option="-D_DEBUG" />
					<Add option="-DQE_PREPROCESSOR_COMPILER_SHAREDLIB" />
				</Compiler>
				<Linker>
					<Add option="-m32" />
					<Add directory="..\..\..\..\bin\CodeBlocks10\DebugLinux32SharedrtDynamic" />
				</Linker>
			</Target>
		</Build>
		<Compiler>
			<Add option="-march=pentium4" />
			<Add option="-Wshadow" />
			<Add option="-Wredundant-decls" />
			<Add option="-Wcast-align" />
			<Add option="-Winline" />
			<Add option="-Wmissing-include-dirs" />
			<Add option="-Wswitch-default" />
			<Add option="-Wall" />
			<Add option="-fpermissive" />
			<Add directory="..\..\..\..\headers" />
			<Add directory="..\..\..\..\3rdparty\Boost\include" />
		</Compiler>
		<Unit filename="..\..\..\..\headers\DataTypesDefinitions.h">
			<Option virtualFolder="DataTypes\" />
		</Unit>
		<Unit filename="..\..\..\..\headers\EQIntersections.h">
			<Option virtualFolder="Math\" />
		</Unit>
		<Unit filename="..\..\..\..\headers\EQSpaceRelation.h">
			<Option virtualFolder="Math\" />
		</Unit>
		<Unit filename="..\..\..\..\headers\MathDefinitions.h">
			<Option virtualFolder="Math\" />
		</Unit>
		<Unit filename="..\..\..\..\headers\QBaseDualQuaternion.h">
			<Option virtualFolder="Math\" />
		</Unit>
		<Unit filename="..\..\..\..\headers\QBaseHexahedron.h">
			<Option virtualFolder="Math\" />
		</Unit>
		<Unit filename="..\..\..\..\headers\QBaseLineSegment.h">
			<Option virtualFolder="Math\" />
		</Unit>
		<Unit filename="..\..\..\..\headers\QBaseMatrix2x2.h">
			<Option virtualFolder="Math\" />
		</Unit>
		<Unit filename="..\..\..\..\headers\QBaseMatrix3x3.h">
			<Option virtualFolder="Math\" />
		</Unit>
		<Unit filename="..\..\..\..\headers\QBaseMatrix3x4.h">
			<Option virtualFolder="Math\" />
		</Unit>
		<Unit filename="..\..\..\..\headers\QBaseMatrix4x3.h">
			<Option virtualFolder="Math\" />
		</Unit>
		<Unit filename="..\..\..\..\headers\QBaseMatrix4x4.h">
			<Option virtualFolder="Math\" />
		</Unit>
		<Unit filename="..\..\..\..\headers\QBaseOrb.h">
			<Option virtualFolder="Math\" />
		</Unit>
		<Unit filename="..\..\..\..\headers\QBasePlane.h">
			<Option virtualFolder="Math\" />
		</Unit>
		<Unit filename="..\..\..\..\headers\QBaseQuadrilateral.h">
			<Option virtualFolder="Math\" />
		</Unit>
		<Unit filename="..\..\..\..\headers\QBaseQuaternion.h">
			<Option virtualFolder="Math\" />
		</Unit>
		<Unit filename="..\..\..\..\headers\QBaseRay.h">
			<Option virtualFolder="Math\" />
		</Unit>
		<Unit filename="..\..\..\..\headers\QBaseTriangle.h">
			<Option virtualFolder="Math\" />
		</Unit>
		<Unit filename="..\..\..\..\headers\QBaseVector2.h">
			<Option virtualFolder="Math\" />
		</Unit>
		<Unit filename="..\..\..\..\headers\QBaseVector3.h">
			<Option virtualFolder="Math\" />
		</Unit>
		<Unit filename="..\..\..\..\headers\QBaseVector4.h">
			<Option virtualFolder="Math\" />
		</Unit>
		<Unit filename="..\..\..\..\headers\QCircle.h">
			<Option virtualFolder="Math\" />
		</Unit>
		<Unit filename="..\..\..\..\headers\QDualQuaternion.h">
			<Option virtualFolder="Math\" />
		</Unit>
		<Unit filename="..\..\..\..\headers\QHexahedron.h">
			<Option virtualFolder="Math\" />
		</Unit>
		<Unit filename="..\..\..\..\headers\QLineSegment.h">
			<Option virtualFolder="Math\" />
		</Unit>
		<Unit filename="..\..\..\..\headers\QLineSegment2D.h">
			<Option virtualFolder="Math\" />
		</Unit>
		<Unit filename="..\..\..\..\headers\QLineSegment3D.h">
			<Option virtualFolder="Math\" />
		</Unit>
		<Unit filename="..\..\..\..\headers\QMatrix2x2.h">
			<Option virtualFolder="Math\" />
		</Unit>
		<Unit filename="..\..\..\..\headers\QMatrix3x3.h">
			<Option virtualFolder="Math\" />
		</Unit>
		<Unit filename="..\..\..\..\headers\QMatrix3x4.h">
			<Option virtualFolder="Math\" />
		</Unit>
		<Unit filename="..\..\..\..\headers\QMatrix4x3.h">
			<Option virtualFolder="Math\" />
		</Unit>
		<Unit filename="..\..\..\..\headers\QMatrix4x4.h">
			<Option virtualFolder="Math\" />
		</Unit>
		<Unit filename="..\..\..\..\headers\QOrb.h">
			<Option virtualFolder="Math\" />
		</Unit>
		<Unit filename="..\..\..\..\headers\QPlane.h">
			<Option virtualFolder="Math\" />
		</Unit>
		<Unit filename="..\..\..\..\headers\QQuadrilateral.h">
			<Option virtualFolder="Math\" />
		</Unit>
		<Unit filename="..\..\..\..\headers\QQuaternion.h">
			<Option virtualFolder="Math\" />
		</Unit>
		<Unit filename="..\..\..\..\headers\QRay.h">
			<Option virtualFolder="Math\" />
		</Unit>
		<Unit filename="..\..\..\..\headers\QRay2D.h">
			<Option virtualFolder="Math\" />
		</Unit>
		<Unit filename="..\..\..\..\headers\QRay3D.h">
			<Option virtualFolder="Math\" />
		</Unit>
		<Unit filename="..\..\..\..\headers\QRotationMatrix3x3.h">
			<Option virtualFolder="Math\" />
		</Unit>
		<Unit filename="..\..\..\..\headers\QScalingMatrix3x3.h">
			<Option virtualFolder="Math\" />
		</Unit>
		<Unit filename="..\..\..\..\headers\QSpaceConversionMatrix.h">
			<Option virtualFolder="Math\" />
		</Unit>
		<Unit filename="..\..\..\..\headers\QSphere.h">
			<Option virtualFolder="Math\" />
		</Unit>
		<Unit filename="..\..\..\..\headers\QTransformationMatrix.h">
			<Option virtualFolder="Math\" />
		</Unit>
		<Unit filename="..\..\..\..\headers\QTransformationMatrix3x3.h">
			<Option virtualFolder="Math\" />
		</Unit>
		<Unit filename="..\..\..\..\headers\QTranslationMatrix.h">
			<Option virtualFolder="Math\" />
		</Unit>
		<Unit filename="..\..\..\..\headers\QTriangle.h">
			<Option virtualFolder="Math\" />
		</Unit>
		<Unit filename="..\..\..\..\headers\QTriangle2D.h">
			<Option virtualFolder="Math\" />
		</Unit>
		<Unit filename="..\..\..\..\headers\QTriangle3D.h">
			<Option virtualFolder="Math\" />
		</Unit>
		<Unit filename="..\..\..\..\headers\QVector2.h">
			<Option virtualFolder="Math\" />
		</Unit>
		<Unit filename="..\..\..\..\headers\QVector3.h">
			<Option virtualFolder="Math\" />
		</Unit>
		<Unit filename="..\..\..\..\headers\QVector4.h">
			<Option virtualFolder="Math\" />
		</Unit>
		<Unit filename="..\..\..\..\headers\SQAngle.h">
			<Option virtualFolder="Math\" />
		</Unit>
		<Unit filename="..\..\..\..\headers\SQBoolean.h">
			<Option virtualFolder="DataTypes\" />
		</Unit>
		<Unit filename="..\..\..\..\headers\SQFloat.h">
			<Option virtualFolder="DataTypes\" />
		</Unit>
		<Unit filename="..\..\..\..\headers\SQInteger.h">
			<Option virtualFolder="DataTypes\" />
		</Unit>
		<Unit filename="..\..\..\..\headers\SQPoint.h">
			<Option virtualFolder="Math\" />
		</Unit>
		<Unit filename="..\..\..\..\headers\SQVF32.h">
			<Option virtualFolder="DataTypes\" />
		</Unit>
		<Unit filename="..\..\..\..\headers\ToolsExports.h" />
		<Unit filename="..\..\..\..\source\EQIntersections.cpp">
			<Option virtualFolder="Math\" />
		</Unit>
		<Unit filename="..\..\..\..\source\EQSpaceRelation.cpp">
			<Option virtualFolder="Math\" />
		</Unit>
		<Unit filename="..\..\..\..\source\QCircle.cpp">
			<Option virtualFolder="Math\" />
		</Unit>
		<Unit filename="..\..\..\..\source\QDualQuaternion.cpp">
			<Option virtualFolder="Math\" />
		</Unit>
		<Unit filename="..\..\..\..\source\QLineSegment2D.cpp">
			<Option virtualFolder="Math\" />
		</Unit>
		<Unit filename="..\..\..\..\source\QMatrix2x2.cpp">
			<Option virtualFolder="Math\" />
		</Unit>
		<Unit filename="..\..\..\..\source\QMatrix3x3.cpp">
			<Option virtualFolder="Math\" />
		</Unit>
		<Unit filename="..\..\..\..\source\QMatrix3x4.cpp">
			<Option virtualFolder="Math\" />
		</Unit>
		<Unit filename="..\..\..\..\source\QMatrix4x3.cpp">
			<Option virtualFolder="Math\" />
		</Unit>
		<Unit filename="..\..\..\..\source\QMatrix4x4.cpp">
			<Option virtualFolder="Math\" />
		</Unit>
		<Unit filename="..\..\..\..\source\QPlane.cpp">
			<Option virtualFolder="Math\" />
		</Unit>
		<Unit filename="..\..\..\..\source\QQuadrilateral.cpp">
			<Option virtualFolder="Math\" />
		</Unit>
		<Unit filename="..\..\..\..\source\QQuaternion.cpp">
			<Option virtualFolder="Math\" />
		</Unit>
		<Unit filename="..\..\..\..\source\QRay2D.cpp">
			<Option virtualFolder="Math\" />
		</Unit>
		<Unit filename="..\..\..\..\source\QRotationMatrix3x3.cpp">
			<Option virtualFolder="Math\" />
		</Unit>
		<Unit filename="..\..\..\..\source\QScalingMatrix3x3.cpp">
			<Option virtualFolder="Math\" />
		</Unit>
		<Unit filename="..\..\..\..\source\QSpaceConversionMatrix.cpp">
			<Option virtualFolder="Math\" />
		</Unit>
		<Unit filename="..\..\..\..\source\QTransformationMatrix3x3.cpp">
			<Option virtualFolder="Math\" />
		</Unit>
		<Unit filename="..\..\..\..\source\QTriangle2D.cpp">
			<Option virtualFolder="Math\" />
		</Unit>
		<Unit filename="..\..\..\..\source\QVector2.cpp">
			<Option virtualFolder="Math\" />
		</Unit>
		<Unit filename="..\..\..\..\source\QVector3.cpp">
			<Option virtualFolder="Math\" />
		</Unit>
		<Unit filename="..\..\..\..\source\QVector4.cpp">
			<Option virtualFolder="Math\" />
		</Unit>
		<Unit filename="..\..\..\..\source\SQAngle.cpp">
			<Option virtualFolder="Math\" />
		</Unit>
		<Unit filename="..\..\..\..\source\SQBoolean.cpp">
			<Option virtualFolder="DataTypes\" />
		</Unit>
		<Unit filename="..\..\..\..\source\SQFloat.cpp">
			<Option virtualFolder="DataTypes\" />
		</Unit>
		<Unit filename="..\..\..\..\source\SQInteger.cpp">
			<Option virtualFolder="DataTypes\" />
		</Unit>
		<Unit filename="..\..\..\..\source\SQVF32.cpp">
			<Option virtualFolder="DataTypes\" />
		</Unit>
		<Unit filename="..\..\..\..\source\ToolsExports.cpp" />
		<Extensions>
			<code_completion />
			<debugger />
			<envvars />
		</Extensions>
	</Project>
</CodeBlocks_project_file>
