<?xml version="1.0" encoding="utf-8"?>
<Project ToolsVersion="4.0" xmlns="http://schemas.microsoft.com/developer/msbuild/2003">
  <ItemGroup>
    <Filter Include="GUI">
      <UniqueIdentifier>{8089f263-376a-4f81-9a47-bb60cbf64e54}</UniqueIdentifier>
    </Filter>
  </ItemGroup>
  <ItemGroup>
    <ClInclude Include="QWindow.h">
      <Filter>GUI</Filter>
    </ClInclude>
    <ClInclude Include="QuimeraEngineIncludesAndUsings.h" />
    <ClInclude Include="QDeviceContext.h">
      <Filter>GUI</Filter>
    </ClInclude>
  </ItemGroup>
  <ItemGroup>
    <ClCompile Include="Main.cpp" />
    <ClCompile Include="Boost_ThrowException.cpp" />
    <ClCompile Include="QWindow.cpp">
      <Filter>GUI</Filter>
    </ClCompile>
    <ClCompile Include="QDeviceContext.cpp">
      <Filter>GUI</Filter>
    </ClCompile>
  </ItemGroup>
</Project>