<?xml version="1.0" encoding="UTF-8" standalone="yes" ?>
<CodeBlocks_project_file>
	<FileVersion major="1" minor="6" />
	<Project>
		<Option title="System" />
		<Option pch_mode="2" />
		<Option compiler="gcc" />
		<Option virtualFolders="TestSystem (shared)\;Tests\;Tests\Core\;" />
		<Build>
			<Target title="DebugWin32SharedrtStatic">
				<Option platforms="Windows;" />
				<Option output="../../../../bin/CodeBlocks10/DebugWin32SharedrtStatic/Unit_TestModule_System" prefix_auto="0" extension_auto="1" />
				<Option working_dir="../../../../bin/CodeBlocks10/DebugWin32SharedrtStatic" />
				<Option object_output="../../../../garbage/CodeBlocks10/DebugWin32SharedrtStatic" />
				<Option type="1" />
				<Option compiler="gcc" />
				<Compiler>
					<Add option="-g" />
					<Add option="-D_DEBUG" />
				</Compiler>
				<Linker>
					<Add library="..\..\..\..\..\bin\CodeBlocks10\DebugWin32SharedrtStatic\QuimeraEngineSystem.lib" />
					<Add library="..\..\..\..\..\bin\CodeBlocks10\DebugWin32SharedrtStatic\QuimeraEngineTools.lib" />
					<Add library="..\..\..\..\..\bin\CodeBlocks10\DebugWin32SharedrtStatic\QuimeraEngineCommon.lib" />
					<Add library="libboost_unit_test_framework-mt-d.a" />
					<Add library="libicudt.dll.a" />
					<Add library="libicuuc.dll.a" />
					<Add library="libicuin.dll.a" />
					<Add directory="../../../../bin/CodeBlocks10/DebugWin32SharedrtStatic" />
					<Add directory="../../../../../3rdparty/Boost/bin/Win32/DebugSharedrtStatic" />
					<Add directory="../../../../../3rdparty/ICU/bin/Win32/ReleaseSharedrtDynamic/MinGW" />
				</Linker>
				<ExtraCommands>
					<Add after='cmd /c copy &quot;$(TARGET_OUTPUT_DIR)..\..\TestConfig.txt&quot; &quot;$(TARGET_OUTPUT_DIR)&quot; /Y' />
					<Add after='cmd /c copy &quot;$(TARGET_OUTPUT_DIR)..\..\..\..\bin\CodeBlocks10\$(TARGET_NAME)\QuimeraEngineCommon.dll&quot; &quot;$(TARGET_OUTPUT_DIR)&quot; /Y' />
					<Add after='cmd /c copy &quot;$(TARGET_OUTPUT_DIR)..\..\..\..\bin\CodeBlocks10\$(TARGET_NAME)\QuimeraEngineTools.dll&quot; &quot;$(TARGET_OUTPUT_DIR)&quot; /Y' />
					<Add after='cmd /c copy &quot;$(TARGET_OUTPUT_DIR)..\..\..\..\bin\CodeBlocks10\$(TARGET_NAME)\QuimeraEngineSystem.dll&quot; &quot;$(TARGET_OUTPUT_DIR)&quot; /Y' />
					<Mode after="always" />
				</ExtraCommands>
			</Target>
			<Target title="DebugWin32SharedrtDynamic">
				<Option platforms="Windows;" />
				<Option output="../../../../bin/CodeBlocks10/DebugWin32SharedrtDynamic/Unit_TestModule_System" prefix_auto="0" extension_auto="1" />
				<Option working_dir="../../../../bin/CodeBlocks10/DebugWin32SharedrtDynamic" />
				<Option object_output="../../../../garbage/CodeBlocks10/DebugWin32SharedrtDynamic" />
				<Option type="1" />
				<Option compiler="gcc" />
				<Compiler>
					<Add option="-g" />
					<Add option="-D_DEBUG" />
					<Add option="-DQE_PREPROCESSOR_IMPORTLIB_QUIMERAENGINE" />
				</Compiler>
				<Linker>
					<Add library="libboost_unit_test_framework-mt-d.a" />
					<Add library="..\..\..\..\..\bin\CodeBlocks10\DebugWin32SharedrtDynamic\QuimeraEngineCommon.dll" />
					<Add library="..\..\..\..\..\bin\CodeBlocks10\DebugWin32SharedrtDynamic\QuimeraEngineTools.dll" />
					<Add library="..\..\..\..\..\bin\CodeBlocks10\DebugWin32SharedrtDynamic\QuimeraEngineSystem.dll" />
					<Add library="libicudt.dll.a" />
					<Add library="libicuuc.dll.a" />
					<Add library="libicuin.dll.a" />
					<Add directory="../../../../../bin/CodeBlocks10/DebugWin32SharedrtDynamic" />
					<Add directory="../../../../../3rdparty/Boost/bin/Win32/DebugSharedrtStatic" />
					<Add directory="../../../../../3rdparty/ICU/bin/Win32/ReleaseSharedrtDynamic/MinGW" />
				</Linker>
				<ExtraCommands>
					<Add after='cmd /c copy &quot;$(TARGET_OUTPUT_DIR)..\..\TestConfig.txt&quot; &quot;$(TARGET_OUTPUT_DIR)&quot; /Y' />
					<Add after='cmd /c copy &quot;$(TARGET_OUTPUT_DIR)..\..\..\..\bin\CodeBlocks10\$(TARGET_NAME)\QuimeraEngineCommon.dll&quot; &quot;$(TARGET_OUTPUT_DIR)&quot; /Y' />
					<Add after='cmd /c copy &quot;$(TARGET_OUTPUT_DIR)..\..\..\..\bin\CodeBlocks10\$(TARGET_NAME)\QuimeraEngineTools.dll&quot; &quot;$(TARGET_OUTPUT_DIR)&quot; /Y' />
					<Add after='cmd /c copy &quot;$(TARGET_OUTPUT_DIR)..\..\..\..\bin\CodeBlocks10\$(TARGET_NAME)\QuimeraEngineSystem.dll&quot; &quot;$(TARGET_OUTPUT_DIR)&quot; /Y' />
					<Mode after="always" />
				</ExtraCommands>
			</Target>
			<Target title="DebugLinux32SharedrtStatic">
				<Option platforms="Unix;" />
				<Option output="../../../../bin/CodeBlocks10/DebugLinux32SharedrtStatic/Unit_TestModule_System" prefix_auto="0" extension_auto="1" />
				<Option working_dir="../../../../bin/CodeBlocks10/DebugLinux32SharedrtStatic" />
				<Option object_output="../../../../garbage/CodeBlocks10/DebugLinux32SharedrtStatic" />
				<Option type="1" />
				<Option compiler="gcc" />
				<Compiler>
					<Add option="-g" />
					<Add option="-m32" />
					<Add option="-D_DEBUG" />
					<Add directory="../../../../tests/unit/testmodule_system" />
				</Compiler>
				<Linker>
					<Add option="-m32" />
					<Add library="libQuimeraEngineCommon.a" />
					<Add library="libQuimeraEngineTools.a" />
					<Add library="libQuimeraEngineSystem.a" />
					<Add library="libboost_unit_test_framework-mt-d.a" />
					<Add library="icudata" />
					<Add library="icuuc" />
					<Add library="icuin" />
					<Add directory="../../../../bin/CodeBlocks10/DebugLinux32SharedrtStatic" />
					<Add directory="../../../../../3rdparty/Boost/bin/Linux32/DebugSharedrtStatic/" />
					<Add directory="../../../../../bin/CodeBlocks10/DebugLinux32SharedrtStatic" />
				</Linker>
				<ExtraCommands>
					<Add after='cp &quot;$(TARGET_OUTPUT_DIR)../../TestConfig.txt&quot; &quot;$(TARGET_OUTPUT_DIR)&quot;' />
				</ExtraCommands>
			</Target>
			<Target title="DebugLinux32SharedrtDynamic">
				<Option platforms="Unix;" />
				<Option output="../../../../bin/CodeBlocks10/DebugLinux32SharedrtDynamic/Unit_TestModule_System" prefix_auto="0" extension_auto="1" />
				<Option working_dir="../../../../bin/CodeBlocks10/DebugLinux32SharedrtDynamic" />
				<Option object_output="../../../../garbage/CodeBlocks10/DebugLinux32SharedrtDynamic" />
				<Option type="1" />
				<Option compiler="gcc" />
				<Compiler>
					<Add option="-g" />
					<Add option="-m32" />
					<Add option="-D_DEBUG" />
					<Add option="-DQE_PREPROCESSOR_IMPORTLIB_QUIMERAENGINE" />
					<Add directory="../../../../tests/unit/testmodule_system" />
				</Compiler>
				<Linker>
					<Add option="-m32" />
					<Add library="libQuimeraEngineCommon" />
					<Add library="libQuimeraEngineTools" />
					<Add library="libQuimeraEngineSystem" />
					<Add library="libboost_unit_test_framework-mt-d.a" />
					<Add library="icudata" />
					<Add library="icuuc" />
					<Add library="icuin" />
					<Add directory="../../../../../3rdparty/Boost/bin/Linux32/DebugSharedrtStatic/" />
					<Add directory="../../../../../bin/CodeBlocks10/DebugLinux32SharedrtDynamic" />
				</Linker>
				<ExtraCommands>
					<Add before="mkdir -p $(TARGET_OUTPUT_DIR)" />
					<Add before='cp &quot;$(TARGET_OUTPUT_DIR)../../../../bin/CodeBlocks10/$(TARGET_NAME)/libQuimeraEngineCommon.so&quot; &quot;$(TARGET_OUTPUT_DIR)&quot;' />
					<Add before='cp &quot;$(TARGET_OUTPUT_DIR)../../../../bin/CodeBlocks10/$(TARGET_NAME)/libQuimeraEngineTools.so&quot; &quot;$(TARGET_OUTPUT_DIR)&quot;' />
					<Add before='cp &quot;$(TARGET_OUTPUT_DIR)../../../../bin/CodeBlocks10/$(TARGET_NAME)/libQuimeraEngineSystem.so&quot; &quot;$(TARGET_OUTPUT_DIR)&quot;' />
					<Add before='cp &quot;$(TARGET_OUTPUT_DIR)../../../../bin/CodeBlocks10/$(TARGET_NAME)/libQuimeraEngineCommon.so&quot; &quot;.&quot;' />
					<Add before='cp &quot;$(TARGET_OUTPUT_DIR)../../../../bin/CodeBlocks10/$(TARGET_NAME)/libQuimeraEngineTools.so&quot; &quot;.&quot;' />
					<Add before='cp &quot;$(TARGET_OUTPUT_DIR)../../../../bin/CodeBlocks10/$(TARGET_NAME)/libQuimeraEngineSystem.so&quot; &quot;.&quot;' />
					<Add after='cp &quot;$(TARGET_OUTPUT_DIR)../../TestConfig.txt&quot; &quot;$(TARGET_OUTPUT_DIR)&quot;' />
					<Add after="rm *.so" />
					<Mode after="always" />
				</ExtraCommands>
			</Target>
			<Target title="DebugMac32SharedrtStatic">
				<Option platforms="Mac;" />
				<Option output="../../../../bin/CodeBlocks10/DebugMac32SharedrtStatic/Unit_TestModule_System" prefix_auto="0" extension_auto="1" />
				<Option working_dir="../../../../bin/CodeBlocks10/DebugMac32SharedrtStatic" />
				<Option object_output="../../../../garbage/CodeBlocks10/DebugMac32SharedrtStatic" />
				<Option type="1" />
				<Option compiler="gcc" />
				<Compiler>
					<Add option="-g" />
					<Add option="-m32" />
					<Add option="-D_DEBUG" />
					<Add directory="../../../../tests/unit/testmodule_system" />
				</Compiler>
				<Linker>
					<Add option="-m32" />
					<Add library="libQuimeraEngineCommon.a" />
					<Add library="libQuimeraEngineTools.a" />
					<Add library="libQuimeraEngineSystem.a" />
					<Add library="libboost_unit_test_framework-mt-d.a" />
					<Add library="icudata" />
					<Add library="icuuc" />
					<Add library="icuin" />
					<Add directory="../../../../bin/CodeBlocks10/DebugMac32SharedrtStatic" />
					<Add directory="../../../../../3rdparty/Boost/bin/Mac32/DebugSharedrtStatic/" />
					<Add directory="../../../../../bin/CodeBlocks10/DebugMac32SharedrtStatic" />
				</Linker>
				<ExtraCommands>
					<Add after='cp &quot;$(TARGET_OUTPUT_DIR)../../TestConfig.txt&quot; &quot;$(TARGET_OUTPUT_DIR)&quot;' />
				</ExtraCommands>
			</Target>
			<Target title="DebugMac32SharedrtDynamic">
				<Option platforms="Mac;" />
				<Option output="../../../../bin/CodeBlocks10/DebugMac32SharedrtDynamic/Unit_TestModule_System" prefix_auto="0" extension_auto="1" />
				<Option working_dir="../../../../bin/CodeBlocks10/DebugMac32SharedrtDynamic" />
				<Option object_output="../../../../garbage/CodeBlocks10/DebugMac32SharedrtDynamic" />
				<Option type="1" />
				<Option compiler="gcc" />
				<Compiler>
					<Add option="-g" />
					<Add option="-m32" />
					<Add option="-D_DEBUG" />
					<Add option="-DQE_PREPROCESSOR_IMPORTLIB_QUIMERAENGINE" />
					<Add directory="../../../../tests/unit/testmodule_system" />
				</Compiler>
				<Linker>
					<Add option="-m32" />
					<Add library="libQuimeraEngineCommon" />
					<Add library="libQuimeraEngineTools" />
					<Add library="libQuimeraEngineSystem" />
					<Add library="libboost_unit_test_framework-mt-d.a" />
					<Add library="icudata" />
					<Add library="icuuc" />
					<Add library="icuin" />
					<Add directory="../../../../../3rdparty/Boost/bin/Mac32/DebugSharedrtStatic/" />
					<Add directory="../../../../../bin/CodeBlocks10/DebugMac32SharedrtDynamic" />
				</Linker>
				<ExtraCommands>
					<Add before="mkdir -p $(TARGET_OUTPUT_DIR)" />
					<Add before='cp &quot;$(TARGET_OUTPUT_DIR)../../../../bin/CodeBlocks10/$(TARGET_NAME)/libQuimeraEngineCommon.so&quot; &quot;$(TARGET_OUTPUT_DIR)&quot;' />
					<Add before='cp &quot;$(TARGET_OUTPUT_DIR)../../../../bin/CodeBlocks10/$(TARGET_NAME)/libQuimeraEngineTools.so&quot; &quot;$(TARGET_OUTPUT_DIR)&quot;' />
					<Add before='cp &quot;$(TARGET_OUTPUT_DIR)../../../../bin/CodeBlocks10/$(TARGET_NAME)/libQuimeraEngineSystem.so&quot; &quot;$(TARGET_OUTPUT_DIR)&quot;' />
					<Add before='cp &quot;$(TARGET_OUTPUT_DIR)../../../../bin/CodeBlocks10/$(TARGET_NAME)/libQuimeraEngineCommon.so&quot; &quot;.&quot;' />
					<Add before='cp &quot;$(TARGET_OUTPUT_DIR)../../../../bin/CodeBlocks10/$(TARGET_NAME)/libQuimeraEngineTools.so&quot; &quot;.&quot;' />
					<Add before='cp &quot;$(TARGET_OUTPUT_DIR)../../../../bin/CodeBlocks10/$(TARGET_NAME)/libQuimeraEngineSystem.so&quot; &quot;.&quot;' />
					<Add after='cp &quot;$(TARGET_OUTPUT_DIR)../../TestConfig.txt&quot; &quot;$(TARGET_OUTPUT_DIR)&quot;' />
					<Add after="rm *.so" />
					<Mode after="always" />
				</ExtraCommands>
			</Target>
		</Build>
		<Compiler>
			<Add option="-Wshadow" />
			<Add option="-Wredundant-decls" />
			<Add option="-Wcast-align" />
			<Add option="-Winline" />
			<Add option="-Wmissing-include-dirs" />
			<Add option="-Wswitch-default" />
			<Add option="-Wall" />
			<Add option="-DQE_ASSERT_THROWS_EXCEPTION" />
			<Add directory="../../../../../headers" />
			<Add directory="../../../../../3rdparty/Boost/include" />
			<Add directory="../../../../tests/unit" />
			<Add directory="../../../../../3rdparty/ICU/include" />
		</Compiler>
		<Unit filename="../../../../tests/unit/testmodule_system/QObjectTestClasses.h">
			<Option virtualFolder="Tests/Core/" />
		</Unit>
		<Unit filename="../../../../tests/unit/testmodule_system/QObject_Test.cpp">
			<Option virtualFolder="Tests/Core/" />
		</Unit>
		<Unit filename="../../../../tests/unit/testmodule_system/TestModule_System.cpp">
			<Option virtualFolder="Tests/" />
		</Unit>
		<Unit filename="../../../../testsystem/CommonConfigDefinitions.h">
			<Option virtualFolder="TestSystem (shared)/" />
		</Unit>
		<Unit filename="../../../../testsystem/EQTestType.cpp">
			<Option virtualFolder="TestSystem (shared)/" />
		</Unit>
		<Unit filename="../../../../testsystem/EQTestType.h">
			<Option virtualFolder="TestSystem (shared)/" />
		</Unit>
		<Unit filename="../../../../testsystem/QCommonTestConfig.cpp">
			<Option virtualFolder="TestSystem (shared)/" />
		</Unit>
		<Unit filename="../../../../testsystem/QCommonTestConfig.h">
			<Option virtualFolder="TestSystem (shared)/" />
		</Unit>
		<Unit filename="../../../../testsystem/QPerformanceTestModuleBase.h">
			<Option virtualFolder="TestSystem (shared)/" />
		</Unit>
		<Unit filename="../../../../testsystem/QSimpleConfigLoader.cpp">
			<Option virtualFolder="TestSystem (shared)/" />
		</Unit>
		<Unit filename="../../../../testsystem/QSimpleConfigLoader.h">
			<Option virtualFolder="TestSystem (shared)/" />
		</Unit>
		<Unit filename="../../../../testsystem/QUnitTestModuleBase.h">
			<Option virtualFolder="TestSystem (shared)/" />
		</Unit>
		<Unit filename="../../../../testsystem/QuimeraEngineFixtures.h">
			<Option virtualFolder="TestSystem (shared)/" />
		</Unit>
		<Unit filename="../../../../testsystem/TestingExternalDefinitions.h">
			<Option virtualFolder="TestSystem (shared)/" />
		</Unit>
		<Unit filename="../../../../testsystem/TestingHelperDefinitions.h">
			<Option virtualFolder="TestSystem (shared)/" />
		</Unit>
		<Unit filename="../../../../testsystem/UnitTestTemplate.txt">
			<Option virtualFolder="TestSystem (shared)/" />
		</Unit>
		<Extensions>
			<code_completion />
			<debugger />
			<envvars />
		</Extensions>
	</Project>
</CodeBlocks_project_file>
