<?xml version="1.0" encoding="UTF-8" standalone="yes" ?>
<CodeBlocks_project_file>
	<FileVersion major="1" minor="6" />
	<Project>
		<Option title="Common" />
		<Option pch_mode="2" />
		<Option compiler="gcc" />
		<Option virtualFolders="Tests\;Tests\DataTypes\;Tests\General\;Tests\Memory\;TestSystem (shared)\;" />
		<Build>
			<Target title="DebugLinux32SharedrtStatic">
				<Option platforms="Unix;" />
				<Option output="../../../../bin/CodeBlocks10/DebugLinux32SharedrtStatic/Unit_TestModule_Common" prefix_auto="0" extension_auto="1" />
				<Option working_dir="../../../../bin/CodeBlocks10/DebugLinux32SharedrtStatic" />
				<Option object_output="../../../../garbage/CodeBlocks10/DebugLinux32SharedrtStatic" />
				<Option type="1" />
				<Option compiler="gcc" />
				<Compiler>
					<Add option="-g" />
					<Add option="-m32" />
					<Add option="-D_DEBUG" />
					<Add directory="../../../../tests/unit/testmodule_tools" />
				</Compiler>
				<Linker>
					<Add option="-m32" />
					<Add library="libQuimeraEngineCommon.a" />
					<Add library="libboost_unit_test_framework-mt-d.a" />
					<Add library="icudata" />
					<Add library="icuuc" />
					<Add directory="../../../../bin/CodeBlocks10/DebugLinux32SharedrtStatic" />
					<Add directory="../../../../../3rdparty/Boost/bin/Linux32/DebugSharedrtStatic/" />
					<Add directory="../../../../../bin/CodeBlocks10/DebugLinux32SharedrtStatic" />
				</Linker>
				<ExtraCommands>
					<Add after='cp &quot;$(TARGET_OUTPUT_DIR)../../TestConfig.txt&quot; &quot;$(TARGET_OUTPUT_DIR)&quot;' />
				</ExtraCommands>
			</Target>
			<Target title="DebugWin32SharedrtStatic">
				<Option platforms="Windows;" />
				<Option output="../../../../bin/CodeBlocks10/DebugWin32SharedrtStatic/Unit_TestModule_Common" prefix_auto="0" extension_auto="1" />
				<Option working_dir="../../../../bin/CodeBlocks10/DebugWin32SharedrtStatic" />
				<Option object_output="../../../../garbage/CodeBlocks10/DebugWin32SharedrtStatic" />
				<Option type="1" />
				<Option compiler="gcc" />
				<Compiler>
					<Add option="-g" />
					<Add option="-D_DEBUG" />
					<Add option="-DU_STATIC_IMPLEMENTATION" />
				</Compiler>
				<Linker>
					<Add library="..\..\..\..\..\bin\CodeBlocks10\DebugWin32SharedrtStatic\QuimeraEngineCommon.lib" />
					<Add library="libboost_unit_test_framework-mt-d.a" />
					<Add library="libicudt.dll.a" />
					<Add library="libicuuc.dll.a" />
					<Add directory="../../../../bin/CodeBlocks10/DebugWin32SharedrtStatic" />
					<Add directory="../../../../../3rdparty/Boost/bin/Win32/DebugSharedrtStatic" />
					<Add directory="../../../../../3rdparty/ICU/bin/Win32/ReleaseSharedrtDynamic/MinGW" />
				</Linker>
				<ExtraCommands>
					<Add after='cmd /c copy &quot;$(TARGET_OUTPUT_DIR)..\..\TestConfig.txt&quot; &quot;$(TARGET_OUTPUT_DIR)&quot; /Y' />
					<Add after='cmd /c copy &quot;$(TARGET_OUTPUT_DIR)..\..\..\..\3rdparty\ICU\bin\Win32\ReleaseSharedrtDynamic\MinGW\*.dll&quot; &quot;$(TARGET_OUTPUT_DIR)&quot; /Y' />
					<Mode after="always" />
				</ExtraCommands>
			</Target>
			<Target title="DebugWin32SharedrtDynamic">
				<Option platforms="Windows;" />
				<Option output="../../../../bin/CodeBlocks10/DebugWin32SharedrtDynamic/Unit_TestModule_Common" prefix_auto="0" extension_auto="1" />
				<Option working_dir="../../../../bin/CodeBlocks10/DebugWin32SharedrtDynamic" />
				<Option object_output="../../../../garbage/CodeBlocks10/DebugWin32SharedrtDynamic" />
				<Option type="1" />
				<Option compiler="gcc" />
				<Compiler>
					<Add option="-g" />
					<Add option="-D_DEBUG" />
					<Add option="-DQE_PREPROCESSOR_IMPORTLIB_QUIMERAENGINE" />
				</Compiler>
				<Linker>
					<Add library="libboost_unit_test_framework-mt-d.a" />
					<Add library="..\..\..\..\..\bin\CodeBlocks10\DebugWin32SharedrtDynamic\QuimeraEngineCommon.dll" />
					<Add library="libicudt.dll.a" />
					<Add library="libicuuc.dll.a" />
					<Add directory="../../../../../3rdparty/Boost/bin/Win32/DebugSharedrtStatic" />
					<Add directory="../../../../../3rdparty/ICU/bin/Win32/ReleaseSharedrtDynamic/MinGW" />
				</Linker>
				<ExtraCommands>
					<Add after='cmd /c copy &quot;$(TARGET_OUTPUT_DIR)..\..\TestConfig.txt&quot; &quot;$(TARGET_OUTPUT_DIR)&quot; /Y' />
					<Add after='cmd /c copy &quot;$(TARGET_OUTPUT_DIR)..\..\..\..\bin\CodeBlocks10\$(TARGET_NAME)\QuimeraEngineCommon.dll&quot; &quot;$(TARGET_OUTPUT_DIR)&quot; /Y' />
					<Add after='cmd /c copy &quot;$(TARGET_OUTPUT_DIR)..\..\..\..\3rdparty\ICU\bin\Win32\ReleaseSharedrtDynamic\MinGW\*.dll&quot; &quot;$(TARGET_OUTPUT_DIR)&quot; /Y' />
					<Mode after="always" />
				</ExtraCommands>
			</Target>
			<Target title="DebugLinux32SharedrtDynamic">
				<Option platforms="Unix;" />
				<Option output="../../../../bin/CodeBlocks10/DebugLinux32SharedrtDynamic/Unit_TestModule_Common" prefix_auto="0" extension_auto="1" />
				<Option working_dir="../../../../bin/CodeBlocks10/DebugLinux32SharedrtDynamic" />
				<Option object_output="../../../../garbage/CodeBlocks10/DebugLinux32SharedrtDynamic" />
				<Option type="1" />
				<Option compiler="gcc" />
				<Compiler>
					<Add option="-g" />
					<Add option="-m32" />
					<Add option="-D_DEBUG" />
					<Add option="-DQE_PREPROCESSOR_IMPORTLIB_QUIMERAENGINE" />
					<Add directory="../../../../tests/unit/testmodule_tools" />
				</Compiler>
				<Linker>
					<Add option="-m32" />
					<Add library="libQuimeraEngineCommon" />
					<Add library="libboost_unit_test_framework-mt-d.a" />
					<Add library="icudata" />
					<Add library="icuuc" />
					<Add directory="../../../../../3rdparty/Boost/bin/Linux32/DebugSharedrtStatic/" />
					<Add directory="../../../../../bin/CodeBlocks10/DebugLinux32SharedrtDynamic" />
				</Linker>
				<ExtraCommands>
					<Add before="mkdir -p $(TARGET_OUTPUT_DIR)" />
					<Add before='cp &quot;$(TARGET_OUTPUT_DIR)../../../../bin/CodeBlocks10/$(TARGET_NAME)/libQuimeraEngineCommon.so&quot; &quot;$(TARGET_OUTPUT_DIR)&quot;' />
					<Add before='cp &quot;$(TARGET_OUTPUT_DIR)../../../../bin/CodeBlocks10/$(TARGET_NAME)/libQuimeraEngineCommon.so&quot; &quot;.&quot;' />
					<Add after='cp &quot;$(TARGET_OUTPUT_DIR)../../TestConfig.txt&quot; &quot;$(TARGET_OUTPUT_DIR)&quot;' />
					<Add after="rm *.so" />
					<Mode after="always" />
				</ExtraCommands>
			</Target>
		</Build>
		<Compiler>
			<Add option="-Wshadow" />
			<Add option="-Wredundant-decls" />
			<Add option="-Wcast-align" />
			<Add option="-Winline" />
			<Add option="-Wmissing-include-dirs" />
			<Add option="-Wswitch-default" />
			<Add option="-Wall" />
			<Add directory="../../../../../headers" />
			<Add directory="../../../../../3rdparty/Boost/include" />
			<Add directory="../../../../tests/unit" />
			<Add directory="../../../../../3rdparty/ICU/include" />
		</Compiler>
		<Unit filename="../../../../tests/unit/testmodule_common/AllocationOperators_Test.cpp">
			<Option virtualFolder="Tests/Memory/" />
		</Unit>
		<Unit filename="../../../../tests/unit/testmodule_common/EQEnumerationMock.h">
			<Option virtualFolder="Tests/General/" />
		</Unit>
		<Unit filename="../../../../tests/unit/testmodule_common/EQEnumeration_Test.cpp">
			<Option virtualFolder="Tests/General/" />
		</Unit>
		<Unit filename="../../../../tests/unit/testmodule_common/QAlignment_Test.cpp">
			<Option virtualFolder="Tests/Memory/" />
		</Unit>
		<Unit filename="../../../../tests/unit/testmodule_common/QCharUnicode_Test.cpp">
			<Option virtualFolder="Tests/DataTypes/" />
		</Unit>
		<Unit filename="../../../../tests/unit/testmodule_common/QConstCharIterator_Test.cpp">
			<Option virtualFolder="Tests/DataTypes/" />
		</Unit>
		<Unit filename="../../../../tests/unit/testmodule_common/QStringUnicode_Test.cpp">
			<Option virtualFolder="Tests/DataTypes/" />
		</Unit>
		<Unit filename="../../../../tests/unit/testmodule_common/SQBoolean_Test.cpp">
			<Option virtualFolder="Tests/DataTypes/" />
		</Unit>
		<Unit filename="../../../../tests/unit/testmodule_common/SQFloat_Test.cpp">
			<Option virtualFolder="Tests/DataTypes/" />
		</Unit>
		<Unit filename="../../../../tests/unit/testmodule_common/SQInteger_Test.cpp">
			<Option virtualFolder="Tests/DataTypes/" />
		</Unit>
		<Unit filename="../../../../tests/unit/testmodule_common/SQVF32_Test.cpp">
			<Option virtualFolder="Tests/DataTypes/" />
		</Unit>
		<Unit filename="../../../../tests/unit/testmodule_common/TestModule_Common.cpp">
			<Option virtualFolder="Tests/" />
		</Unit>
		<Unit filename="../../../../testsystem/CommonConfigDefinitions.h">
			<Option virtualFolder="TestSystem (shared)/" />
		</Unit>
		<Unit filename="../../../../testsystem/EQTestType.cpp">
			<Option virtualFolder="TestSystem (shared)/" />
		</Unit>
		<Unit filename="../../../../testsystem/EQTestType.h">
			<Option virtualFolder="TestSystem (shared)/" />
		</Unit>
		<Unit filename="../../../../testsystem/QCommonTestConfig.cpp">
			<Option virtualFolder="TestSystem (shared)/" />
		</Unit>
		<Unit filename="../../../../testsystem/QCommonTestConfig.h">
			<Option virtualFolder="TestSystem (shared)/" />
		</Unit>
		<Unit filename="../../../../testsystem/QPerformanceTestModuleBase.h">
			<Option virtualFolder="TestSystem (shared)/" />
		</Unit>
		<Unit filename="../../../../testsystem/QSimpleConfigLoader.cpp">
			<Option virtualFolder="TestSystem (shared)/" />
		</Unit>
		<Unit filename="../../../../testsystem/QSimpleConfigLoader.h">
			<Option virtualFolder="TestSystem (shared)/" />
		</Unit>
		<Unit filename="../../../../testsystem/QUnitTestModuleBase.h">
			<Option virtualFolder="TestSystem (shared)/" />
		</Unit>
		<Unit filename="../../../../testsystem/QuimeraEngineFixtures.h">
			<Option virtualFolder="TestSystem (shared)/" />
		</Unit>
		<Unit filename="../../../../testsystem/TestingExternalDefinitions.h">
			<Option virtualFolder="TestSystem (shared)/" />
		</Unit>
		<Unit filename="../../../../testsystem/TestingHelperDefinitions.h">
			<Option virtualFolder="TestSystem (shared)/" />
		</Unit>
		<Unit filename="../../../../testsystem/UnitTestTemplate.txt">
			<Option virtualFolder="TestSystem (shared)/" />
		</Unit>
		<Extensions>
			<code_completion />
			<debugger />
			<envvars />
		</Extensions>
	</Project>
</CodeBlocks_project_file>
