<?xml version="1.0" encoding="UTF-8" standalone="yes" ?>
<CodeBlocks_project_file>
	<FileVersion major="1" minor="6" />
	<Project>
		<Option title="Backend" />
		<Option pch_mode="2" />
		<Option compiler="gcc" />
		<Option virtualFolders="Common\;FG1 - Test Configuration\;FG2 - Test Execution\;FG3 - Editor\;" />
		<Build>
			<Target title="DebugWin32">
				<Option platforms="Windows;" />
				<Option output="..\..\..\bin\CodeBlocks10\DebugWin32\libBackend" prefix_auto="1" extension_auto="1" />
				<Option working_dir="" />
				<Option object_output="..\..\..\garbage\CodeBlocks10\DebugWin32\" />
				<Option type="2" />
				<Option compiler="gcc" />
				<Option createDefFile="1" />
				<Compiler>
					<Add option="-Wall" />
					<Add option="-g" />
					<Add directory="..\..\..\3rdparty\wxWidgets\include\lib\gcc_lib\mswud" />
				</Compiler>
			</Target>
			<Target title="ReleaseWin32">
				<Option platforms="Windows;" />
				<Option output="..\..\..\bin\CodeBlocks10\ReleaseWin32\libBackend" prefix_auto="1" extension_auto="1" />
				<Option working_dir="" />
				<Option object_output="..\..\..\garbage\CodeBlocks10\ReleaseWin32\" />
				<Option type="2" />
				<Option compiler="gcc" />
				<Option createDefFile="1" />
				<Compiler>
					<Add option="-O2" />
					<Add option="-Wall" />
					<Add directory="..\..\..\3rdparty\wxWidgets\include\lib\gcc_lib\mswu" />
				</Compiler>
				<Linker>
					<Add option="-s" />
				</Linker>
			</Target>
		</Build>
		<Compiler>
			<Add directory="..\..\..\headers" />
			<Add directory="..\..\..\3rdparty\wxWidgets\include\include" />
		</Compiler>
		<Unit filename="..\..\..\headers\STATFileSystemHelper.h">
			<Option virtualFolder="Common\" />
		</Unit>
		<Unit filename="..\..\..\headers\STATStringHelper.h">
			<Option virtualFolder="Common\" />
		</Unit>
		<Unit filename="..\..\..\headers\TATNode.h">
			<Option virtualFolder="Common\" />
		</Unit>
		<Unit filename="..\..\..\headers\TestConfiguration\ETATConfigNodeType.h">
			<Option virtualFolder="FG1 - Test Configuration\" />
		</Unit>
		<Unit filename="..\..\..\headers\TestConfiguration\ETATConfigurationSource.h">
			<Option virtualFolder="FG1 - Test Configuration\" />
		</Unit>
		<Unit filename="..\..\..\headers\TestConfiguration\ITATConfigLoader.h">
			<Option virtualFolder="FG1 - Test Configuration\" />
		</Unit>
		<Unit filename="..\..\..\headers\TestConfiguration\STATAppSettings.h">
			<Option virtualFolder="FG1 - Test Configuration\" />
		</Unit>
		<Unit filename="..\..\..\headers\TestConfiguration\TATConfigLoaderFactory.h">
			<Option virtualFolder="FG1 - Test Configuration\" />
		</Unit>
		<Unit filename="..\..\..\headers\TestConfiguration\TATConfigLoaderFromIniFile.h">
			<Option virtualFolder="FG1 - Test Configuration\" />
		</Unit>
		<Unit filename="..\..\..\headers\TestConfiguration\TATConfigNode.h">
			<Option virtualFolder="FG1 - Test Configuration\" />
		</Unit>
		<Unit filename="..\..\..\headers\TestConfiguration\TATKeyValueNode.h">
			<Option virtualFolder="FG1 - Test Configuration\" />
		</Unit>
		<Unit filename="..\..\..\headers\TestConfiguration\TATRuleNode.h">
			<Option virtualFolder="FG1 - Test Configuration\" />
		</Unit>
		<Unit filename="..\..\..\headers\TestConfiguration\TATTestAutomationToolConfiguration.h">
			<Option virtualFolder="FG1 - Test Configuration\" />
		</Unit>
		<Unit filename="..\..\..\headers\TestConfiguration\TATValidationException.h">
			<Option virtualFolder="FG1 - Test Configuration\" />
		</Unit>
		<Unit filename="..\..\..\source\STATFileSystemHelper.cpp">
			<Option virtualFolder="Common\" />
		</Unit>
		<Unit filename="..\..\..\source\STATStringHelper.cpp">
			<Option virtualFolder="Common\" />
		</Unit>
		<Unit filename="..\..\..\source\TATNode.cpp">
			<Option virtualFolder="Common\" />
		</Unit>
		<Unit filename="..\..\..\source\TestConfiguration\ETATConfigNodeType.cpp">
			<Option virtualFolder="FG1 - Test Configuration\" />
		</Unit>
		<Unit filename="..\..\..\source\TestConfiguration\ETATConfigurationSource.cpp">
			<Option virtualFolder="FG1 - Test Configuration\" />
		</Unit>
		<Unit filename="..\..\..\source\TestConfiguration\STATAppSettings.cpp">
			<Option virtualFolder="FG1 - Test Configuration\" />
		</Unit>
		<Unit filename="..\..\..\source\TestConfiguration\TATConfigLoaderFactory.cpp">
			<Option virtualFolder="FG1 - Test Configuration\" />
		</Unit>
		<Unit filename="..\..\..\source\TestConfiguration\TATConfigLoaderFromIniFile.cpp">
			<Option virtualFolder="FG1 - Test Configuration\" />
		</Unit>
		<Unit filename="..\..\..\source\TestConfiguration\TATConfigNode.cpp">
			<Option virtualFolder="FG1 - Test Configuration\" />
		</Unit>
		<Unit filename="..\..\..\source\TestConfiguration\TATKeyValueNode.cpp">
			<Option virtualFolder="FG1 - Test Configuration\" />
		</Unit>
		<Unit filename="..\..\..\source\TestConfiguration\TATRuleNode.cpp">
			<Option virtualFolder="FG1 - Test Configuration\" />
		</Unit>
		<Unit filename="..\..\..\source\TestConfiguration\TATTestAutomationToolConfiguration.cpp">
			<Option virtualFolder="FG1 - Test Configuration\" />
		</Unit>
		<Extensions>
			<code_completion />
			<debugger />
		</Extensions>
	</Project>
</CodeBlocks_project_file>
