<?xml version="1.0" encoding="UTF-8" standalone="yes" ?>
<CodeBlocks_project_file>
	<FileVersion major="1" minor="6" />
	<Project>
		<Option title="Backend" />
		<Option pch_mode="2" />
		<Option compiler="gcc" />
		<Build>
			<Target title="DebugWin32">
				<Option platforms="Windows;" />
				<Option output="..\..\..\bin\CodeBlocks10\DebugWin32\libBackend" prefix_auto="1" extension_auto="1" />
				<Option working_dir="" />
				<Option object_output="..\..\..\garbage\CodeBlocks10\DebugWin32\" />
				<Option type="2" />
				<Option compiler="gcc" />
				<Option createDefFile="1" />
				<Compiler>
					<Add option="-Wall" />
					<Add option="-g" />
					<Add directory="..\..\..\3rdparty\wxWidgets\include\lib\gcc_lib\mswud" />
				</Compiler>
			</Target>
			<Target title="ReleaseWin32">
				<Option platforms="Windows;" />
				<Option output="..\..\..\bin\CodeBlocks10\ReleaseWin32\libBackend" prefix_auto="1" extension_auto="1" />
				<Option working_dir="" />
				<Option object_output="..\..\..\garbage\CodeBlocks10\ReleaseWin32\" />
				<Option type="2" />
				<Option compiler="gcc" />
				<Option createDefFile="1" />
				<Compiler>
					<Add option="-O2" />
					<Add option="-Wall" />
					<Add directory="..\..\..\3rdparty\wxWidgets\include\lib\gcc_lib\mswu" />
				</Compiler>
				<Linker>
					<Add option="-s" />
				</Linker>
			</Target>
		</Build>
		<Compiler>
			<Add directory="..\..\..\headers" />
			<Add directory="..\..\..\3rdparty\wxWidgets\include\include" />
		</Compiler>
		<Unit filename="..\..\..\headers\TATNode.h" />
		<Unit filename="..\..\..\source\TATNode.cpp" />
		<Extensions>
			<code_completion />
			<debugger />
		</Extensions>
	</Project>
</CodeBlocks_project_file>
