<?xml version="1.0" encoding="UTF-8" standalone="yes" ?>
<CodeBlocks_project_file>
	<FileVersion major="1" minor="6" />
	<Project>
		<Option title="System" />
		<Option pch_mode="2" />
		<Option compiler="gcc" />
		<Build>
			<Target title="DebugLinux32SharedrtStatic">
				<Option platforms="Unix;" />
				<Option output="..\..\..\..\bin\CodeBlocks10\DebugLinux32SharedrtStatic\QuimeraEngineSystem.a" prefix_auto="0" extension_auto="0" />
				<Option working_dir="" />
				<Option object_output="..\..\..\..\garbage\CodeBlocks10\DebugLinux32SharedrtStatic" />
				<Option type="2" />
				<Option compiler="gcc" />
				<Option createDefFile="1" />
				<Compiler>
					<Add option="-DLINUX32" />
					<Add option="-D_DEBUG" />
				</Compiler>
				<Linker>
					<Add directory="..\..\..\..\3rdparty\Boost\bin\Linux32\DebugSharedrtStatic" />
				</Linker>
			</Target>
			<Target title="DebugWin32SharedrtStatic">
				<Option platforms="Windows;" />
				<Option output="..\..\..\..\bin\CodeBlocks10\DebugWin32SharedrtStatic\QuimeraEngineSystem.lib" prefix_auto="0" extension_auto="0" />
				<Option working_dir="" />
				<Option object_output="..\..\..\..\garbage\CodeBlocks10\DebugWin32SharedrtStatic" />
				<Option type="2" />
				<Option compiler="gcc" />
				<Option createDefFile="1" />
				<Compiler>
					<Add option="-D_WIN32" />
					<Add option="-D_DEBUG" />
				</Compiler>
				<Linker>
					<Add directory="..\..\..\..\3rdparty\Boost\bin\Win32\DebugSharedrtStatic" />
				</Linker>
			</Target>
		</Build>
		<Compiler>
			<Add option="-Wshadow" />
			<Add option="-Wredundant-decls" />
			<Add option="-Wcast-align" />
			<Add option="-Winline" />
			<Add option="-Wmissing-include-dirs" />
			<Add option="-Wswitch-default" />
			<Add option="-std=c++98" />
			<Add option="-Wall" />
			<Add option="-g" />
			<Add directory="..\..\..\..\headers" />
			<Add directory="..\..\..\..\3rdparty\Boost\include" />
		</Compiler>
		<Unit filename="..\..\..\..\headers\Prueba.h" />
		<Unit filename="..\..\..\..\source\Prueba.cpp" />
		<Extensions>
			<code_completion />
			<debugger />
			<envvars />
		</Extensions>
	</Project>
</CodeBlocks_project_file>
